
Microsoft Visual Studio Solution File, Format Version 12.00
# Visual Studio 15
VisualStudioVersion = 15.0.28307.572
MinimumVisualStudioVersion = 10.0.40219.1
Project("{9A19103F-16F7-4668-BE54-9A1E7A4F7556}") = "TCPBilAfgiftClient", "TCPBilAfgiftClient\TCPBilAfgiftClient.csproj", "{EDDED2C5-D4D2-4E0E-A84E-4825E007FF5A}"
EndProject
Project("{FAE04EC0-301F-11D3-BF4B-00C04F79EFBC}") = "Client2", "Client2\Client2.csproj", "{DDA6863B-7510-49BD-A8AF-69441E25A9C2}"
EndProject
Global
	GlobalSection(SolutionConfigurationPlatforms) = preSolution
		Debug|Any CPU = Debug|Any CPU
		Release|Any CPU = Release|Any CPU
	EndGlobalSection
	GlobalSection(ProjectConfigurationPlatforms) = postSolution
		{EDDED2C5-D4D2-4E0E-A84E-4825E007FF5A}.Debug|Any CPU.ActiveCfg = Debug|Any CPU
		{EDDED2C5-D4D2-4E0E-A84E-4825E007FF5A}.Debug|Any CPU.Build.0 = Debug|Any CPU
		{EDDED2C5-D4D2-4E0E-A84E-4825E007FF5A}.Release|Any CPU.ActiveCfg = Release|Any CPU
		{EDDED2C5-D4D2-4E0E-A84E-4825E007FF5A}.Release|Any CPU.Build.0 = Release|Any CPU
		{DDA6863B-7510-49BD-A8AF-69441E25A9C2}.Debug|Any CPU.ActiveCfg = Debug|Any CPU
		{DDA6863B-7510-49BD-A8AF-69441E25A9C2}.Debug|Any CPU.Build.0 = Debug|Any CPU
		{DDA6863B-7510-49BD-A8AF-69441E25A9C2}.Release|Any CPU.ActiveCfg = Release|Any CPU
		{DDA6863B-7510-49BD-A8AF-69441E25A9C2}.Release|Any CPU.Build.0 = Release|Any CPU
	EndGlobalSection
	GlobalSection(SolutionProperties) = preSolution
		HideSolutionNode = FALSE
	EndGlobalSection
	GlobalSection(ExtensibilityGlobals) = postSolution
		SolutionGuid = {54F1EC43-B2C8-4015-AF7F-817E717DD7C0}
	EndGlobalSection
EndGlobal
